Microsoft Visual Studio Solution File, Format Version 12.00
# Visual Studio Version 17
VisualStudioVersion = 17.5.2.0
MinimumVisualStudioVersion = 10.0.40219.1
Project("{2150E333-8FDC-42A3-9474-1A3956D46DE8}") = "apps", "apps", "{1787FE1D-075E-9E68-7218-25F1BD1BBEAB}"
EndProject
Project("{FAE04EC0-301F-11D3-BF4B-00C04F79EFBC}") = "api", "apps\api\api.csproj", "{3FC7EC71-31D1-712E-1320-384AD08193E8}"
EndProject
Project("{FAE04EC0-301F-11D3-BF4B-00C04F79EFBC}") = "api.Tests", "apps\api.Tests\api.Tests.csproj", "{9DCD5B5A-6E4C-4E05-9E98-39C2C1C8AECE}"
EndProject
Global
	GlobalSection(SolutionConfigurationPlatforms) = preSolution
		Debug|Any CPU = Debug|Any CPU
		Release|Any CPU = Release|Any CPU
	EndGlobalSection
	GlobalSection(ProjectConfigurationPlatforms) = postSolution
		{3FC7EC71-31D1-712E-1320-384AD08193E8}.Debug|Any CPU.ActiveCfg = Debug|Any CPU
		{3FC7EC71-31D1-712E-1320-384AD08193E8}.Debug|Any CPU.Build.0 = Debug|Any CPU
		{3FC7EC71-31D1-712E-1320-384AD08193E8}.Release|Any CPU.ActiveCfg = Release|Any CPU
		{3FC7EC71-31D1-712E-1320-384AD08193E8}.Release|Any CPU.Build.0 = Release|Any CPU
		{9DCD5B5A-6E4C-4E05-9E98-39C2C1C8AECE}.Debug|Any CPU.ActiveCfg = Debug|Any CPU
		{9DCD5B5A-6E4C-4E05-9E98-39C2C1C8AECE}.Debug|Any CPU.Build.0 = Debug|Any CPU
		{9DCD5B5A-6E4C-4E05-9E98-39C2C1C8AECE}.Release|Any CPU.ActiveCfg = Release|Any CPU
		{9DCD5B5A-6E4C-4E05-9E98-39C2C1C8AECE}.Release|Any CPU.Build.0 = Release|Any CPU
	EndGlobalSection
	GlobalSection(SolutionProperties) = preSolution
		HideSolutionNode = FALSE
	EndGlobalSection
	GlobalSection(NestedProjects) = preSolution
		{3FC7EC71-31D1-712E-1320-384AD08193E8} = {1787FE1D-075E-9E68-7218-25F1BD1BBEAB}
		{9DCD5B5A-6E4C-4E05-9E98-39C2C1C8AECE} = {1787FE1D-075E-9E68-7218-25F1BD1BBEAB}
	EndGlobalSection
	GlobalSection(ExtensibilityGlobals) = postSolution
		SolutionGuid = {D1231D89-53B0-4B12-92DB-3BB5A8A360EA}
	EndGlobalSection
EndGlobal
